
Microsoft Visual Studio Solution File, Format Version 12.00
# Visual Studio Version 16
VisualStudioVersion = 16.0.31729.503
MinimumVisualStudioVersion = 10.0.40219.1
Project("{9A19103F-16F7-4668-BE54-9A1E7A4F7556}") = "Oop3", "Oop3.csproj", "{5CA94899-8294-488B-88DC-E02945C258EE}"
EndProject
Global
	GlobalSection(SolutionConfigurationPlatforms) = preSolution
		Debug|Any CPU = Debug|Any CPU
		Release|Any CPU = Release|Any CPU
	EndGlobalSection
	GlobalSection(ProjectConfigurationPlatforms) = postSolution
		{5CA94899-8294-488B-88DC-E02945C258EE}.Debug|Any CPU.ActiveCfg = Debug|Any CPU
		{5CA94899-8294-488B-88DC-E02945C258EE}.Debug|Any CPU.Build.0 = Debug|Any CPU
		{5CA94899-8294-488B-88DC-E02945C258EE}.Release|Any CPU.ActiveCfg = Release|Any CPU
		{5CA94899-8294-488B-88DC-E02945C258EE}.Release|Any CPU.Build.0 = Release|Any CPU
	EndGlobalSection
	GlobalSection(SolutionProperties) = preSolution
		HideSolutionNode = FALSE
	EndGlobalSection
	GlobalSection(ExtensibilityGlobals) = postSolution
		SolutionGuid = {A0D6F8B9-F980-4423-9264-FF31F87808C2}
	EndGlobalSection
EndGlobal
